// !$*UTF8*$!
{
	archiveVersion = 1;
	classes = {
	};
	objectVersion = 46;
	objects = {

/* Begin PBXBuildFile section */
		61C4A023EF26E2A32FE3E521 /* libPods.a in Frameworks */ = {isa = PBXBuildFile; fileRef = 3EB3295EDF866A9B1F38D34D /* libPods.a */; };
		B8F459421C078C4C0032F5CB /* main.m in Sources */ = {isa = PBXBuildFile; fileRef = B8F459411C078C4C0032F5CB /* main.m */; };
		B8F459451C078C4C0032F5CB /* AppDelegate.m in Sources */ = {isa = PBXBuildFile; fileRef = B8F459441C078C4C0032F5CB /* AppDelegate.m */; };
		B8F459481C078C4C0032F5CB /* InjuredIndividualViewController.m in Sources */ = {isa = PBXBuildFile; fileRef = B8F459471C078C4C0032F5CB /* InjuredIndividualViewController.m */; };
		B8F4594B1C078C4C0032F5CB /* Main.storyboard in Resources */ = {isa = PBXBuildFile; fileRef = B8F459491C078C4C0032F5CB /* Main.storyboard */; };
		B8F4594D1C078C4C0032F5CB /* Assets.xcassets in Resources */ = {isa = PBXBuildFile; fileRef = B8F4594C1C078C4C0032F5CB /* Assets.xcassets */; };
		B8F459501C078C4C0032F5CB /* LaunchScreen.storyboard in Resources */ = {isa = PBXBuildFile; fileRef = B8F4594E1C078C4C0032F5CB /* LaunchScreen.storyboard */; };
		B8F4595B1C078C4C0032F5CB /* Emergency_911Tests.m in Sources */ = {isa = PBXBuildFile; fileRef = B8F4595A1C078C4C0032F5CB /* Emergency_911Tests.m */; };
		B8F459661C078C4C0032F5CB /* Emergency_911UITests.m in Sources */ = {isa = PBXBuildFile; fileRef = B8F459651C078C4C0032F5CB /* Emergency_911UITests.m */; };
		B8F459751C0796140032F5CB /* CurrentReport.m in Sources */ = {isa = PBXBuildFile; fileRef = B8F459741C0796140032F5CB /* CurrentReport.m */; };
		B8F459781C07A01E0032F5CB /* ConsciousViewController.m in Sources */ = {isa = PBXBuildFile; fileRef = B8F459771C07A01E0032F5CB /* ConsciousViewController.m */; };
		B8F4597C1C07A0600032F5CB /* BreathingViewController.m in Sources */ = {isa = PBXBuildFile; fileRef = B8F4597B1C07A0600032F5CB /* BreathingViewController.m */; };
		B8F4597F1C07A0680032F5CB /* ClassificationViewController.m in Sources */ = {isa = PBXBuildFile; fileRef = B8F4597E1C07A0680032F5CB /* ClassificationViewController.m */; };
		B8F459821C07A06E0032F5CB /* TraumaViewController.m in Sources */ = {isa = PBXBuildFile; fileRef = B8F459811C07A06E0032F5CB /* TraumaViewController.m */; };
		B8F834E51C139BC2006827C8 /* SignupViewController.m in Sources */ = {isa = PBXBuildFile; fileRef = B8F834E41C139BC2006827C8 /* SignupViewController.m */; };
		B8F834E81C13A1D0006827C8 /* HealthKit.framework in Frameworks */ = {isa = PBXBuildFile; fileRef = B8F834E71C13A1D0006827C8 /* HealthKit.framework */; };
		B8F834EB1C13ADBB006827C8 /* BodyPartsViewController.m in Sources */ = {isa = PBXBuildFile; fileRef = B8F834EA1C13ADBB006827C8 /* BodyPartsViewController.m */; };
/* End PBXBuildFile section */

/* Begin PBXContainerItemProxy section */
		B8F459571C078C4C0032F5CB /* PBXContainerItemProxy */ = {
			isa = PBXContainerItemProxy;
			containerPortal = B8F459351C078C4C0032F5CB /* Project object */;
			proxyType = 1;
			remoteGlobalIDString = B8F4593C1C078C4C0032F5CB;
			remoteInfo = "Emergency 911";
		};
		B8F459621C078C4C0032F5CB /* PBXContainerItemProxy */ = {
			isa = PBXContainerItemProxy;
			containerPortal = B8F459351C078C4C0032F5CB /* Project object */;
			proxyType = 1;
			remoteGlobalIDString = B8F4593C1C078C4C0032F5CB;
			remoteInfo = "Emergency 911";
		};
/* End PBXContainerItemProxy section */

/* Begin PBXFileReference section */
		13B31519C561B92E2C6455DE /* Pods.release.xcconfig */ = {isa = PBXFileReference; includeInIndex = 1; lastKnownFileType = text.xcconfig; name = Pods.release.xcconfig; path = "Pods/Target Support Files/Pods/Pods.release.xcconfig"; sourceTree = "<group>"; };
		3EB3295EDF866A9B1F38D34D /* libPods.a */ = {isa = PBXFileReference; explicitFileType = archive.ar; includeInIndex = 0; path = libPods.a; sourceTree = BUILT_PRODUCTS_DIR; };
		76E64DD9EAB93335F418433F /* Pods.debug.xcconfig */ = {isa = PBXFileReference; includeInIndex = 1; lastKnownFileType = text.xcconfig; name = Pods.debug.xcconfig; path = "Pods/Target Support Files/Pods/Pods.debug.xcconfig"; sourceTree = "<group>"; };
		B8F4593D1C078C4C0032F5CB /* Emergency 911.app */ = {isa = PBXFileReference; explicitFileType = wrapper.application; includeInIndex = 0; path = "Emergency 911.app"; sourceTree = BUILT_PRODUCTS_DIR; };
		B8F459411C078C4C0032F5CB /* main.m */ = {isa = PBXFileReference; lastKnownFileType = sourcecode.c.objc; path = main.m; sourceTree = "<group>"; };
		B8F459431C078C4C0032F5CB /* AppDelegate.h */ = {isa = PBXFileReference; lastKnownFileType = sourcecode.c.h; path = AppDelegate.h; sourceTree = "<group>"; };
		B8F459441C078C4C0032F5CB /* AppDelegate.m */ = {isa = PBXFileReference; lastKnownFileType = sourcecode.c.objc; path = AppDelegate.m; sourceTree = "<group>"; };
		B8F459461C078C4C0032F5CB /* InjuredIndividualViewController.h */ = {isa = PBXFileReference; lastKnownFileType = sourcecode.c.h; path = InjuredIndividualViewController.h; sourceTree = "<group>"; };
		B8F459471C078C4C0032F5CB /* InjuredIndividualViewController.m */ = {isa = PBXFileReference; lastKnownFileType = sourcecode.c.objc; path = InjuredIndividualViewController.m; sourceTree = "<group>"; };
		B8F4594A1C078C4C0032F5CB /* Base */ = {isa = PBXFileReference; lastKnownFileType = file.storyboard; name = Base; path = Base.lproj/Main.storyboard; sourceTree = "<group>"; };
		B8F4594C1C078C4C0032F5CB /* Assets.xcassets */ = {isa = PBXFileReference; lastKnownFileType = folder.assetcatalog; path = Assets.xcassets; sourceTree = "<group>"; };
		B8F4594F1C078C4C0032F5CB /* Base */ = {isa = PBXFileReference; lastKnownFileType = file.storyboard; name = Base; path = Base.lproj/LaunchScreen.storyboard; sourceTree = "<group>"; };
		B8F459511C078C4C0032F5CB /* Info.plist */ = {isa = PBXFileReference; lastKnownFileType = text.plist.xml; path = Info.plist; sourceTree = "<group>"; };
		B8F459561C078C4C0032F5CB /* Emergency 911Tests.xctest */ = {isa = PBXFileReference; explicitFileType = wrapper.cfbundle; includeInIndex = 0; path = "Emergency 911Tests.xctest"; sourceTree = BUILT_PRODUCTS_DIR; };
		B8F4595A1C078C4C0032F5CB /* Emergency_911Tests.m */ = {isa = PBXFileReference; lastKnownFileType = sourcecode.c.objc; path = Emergency_911Tests.m; sourceTree = "<group>"; };
		B8F4595C1C078C4C0032F5CB /* Info.plist */ = {isa = PBXFileReference; lastKnownFileType = text.plist.xml; path = Info.plist; sourceTree = "<group>"; };
		B8F459611C078C4C0032F5CB /* Emergency 911UITests.xctest */ = {isa = PBXFileReference; explicitFileType = wrapper.cfbundle; includeInIndex = 0; path = "Emergency 911UITests.xctest"; sourceTree = BUILT_PRODUCTS_DIR; };
		B8F459651C078C4C0032F5CB /* Emergency_911UITests.m */ = {isa = PBXFileReference; lastKnownFileType = sourcecode.c.objc; path = Emergency_911UITests.m; sourceTree = "<group>"; };
		B8F459671C078C4C0032F5CB /* Info.plist */ = {isa = PBXFileReference; lastKnownFileType = text.plist.xml; path = Info.plist; sourceTree = "<group>"; };
		B8F459731C0796140032F5CB /* CurrentReport.h */ = {isa = PBXFileReference; fileEncoding = 4; lastKnownFileType = sourcecode.c.h; path = CurrentReport.h; sourceTree = "<group>"; };
		B8F459741C0796140032F5CB /* CurrentReport.m */ = {isa = PBXFileReference; fileEncoding = 4; lastKnownFileType = sourcecode.c.objc; path = CurrentReport.m; sourceTree = "<group>"; };
		B8F459761C07A01E0032F5CB /* ConsciousViewController.h */ = {isa = PBXFileReference; fileEncoding = 4; lastKnownFileType = sourcecode.c.h; path = ConsciousViewController.h; sourceTree = "<group>"; };
		B8F459771C07A01E0032F5CB /* ConsciousViewController.m */ = {isa = PBXFileReference; fileEncoding = 4; lastKnownFileType = sourcecode.c.objc; path = ConsciousViewController.m; sourceTree = "<group>"; };
		B8F4597A1C07A0600032F5CB /* BreathingViewController.h */ = {isa = PBXFileReference; fileEncoding = 4; lastKnownFileType = sourcecode.c.h; path = BreathingViewController.h; sourceTree = "<group>"; };
		B8F4597B1C07A0600032F5CB /* BreathingViewController.m */ = {isa = PBXFileReference; fileEncoding = 4; lastKnownFileType = sourcecode.c.objc; path = BreathingViewController.m; sourceTree = "<group>"; };
		B8F4597D1C07A0680032F5CB /* ClassificationViewController.h */ = {isa = PBXFileReference; fileEncoding = 4; lastKnownFileType = sourcecode.c.h; path = ClassificationViewController.h; sourceTree = "<group>"; };
		B8F4597E1C07A0680032F5CB /* ClassificationViewController.m */ = {isa = PBXFileReference; fileEncoding = 4; lastKnownFileType = sourcecode.c.objc; path = ClassificationViewController.m; sourceTree = "<group>"; };
		B8F459801C07A06E0032F5CB /* TraumaViewController.h */ = {isa = PBXFileReference; fileEncoding = 4; lastKnownFileType = sourcecode.c.h; path = TraumaViewController.h; sourceTree = "<group>"; };
		B8F459811C07A06E0032F5CB /* TraumaViewController.m */ = {isa = PBXFileReference; fileEncoding = 4; lastKnownFileType = sourcecode.c.objc; path = TraumaViewController.m; sourceTree = "<group>"; };
		B8F834E31C139BC2006827C8 /* SignupViewController.h */ = {isa = PBXFileReference; fileEncoding = 4; lastKnownFileType = sourcecode.c.h; path = SignupViewController.h; sourceTree = "<group>"; };
		B8F834E41C139BC2006827C8 /* SignupViewController.m */ = {isa = PBXFileReference; fileEncoding = 4; lastKnownFileType = sourcecode.c.objc; path = SignupViewController.m; sourceTree = "<group>"; };
		B8F834E61C13A1D0006827C8 /* Emergency 911.entitlements */ = {isa = PBXFileReference; lastKnownFileType = text.xml; path = "Emergency 911.entitlements"; sourceTree = "<group>"; };
		B8F834E71C13A1D0006827C8 /* HealthKit.framework */ = {isa = PBXFileReference; lastKnownFileType = wrapper.framework; name = HealthKit.framework; path = System/Library/Frameworks/HealthKit.framework; sourceTree = SDKROOT; };
		B8F834E91C13ADBB006827C8 /* BodyPartsViewController.h */ = {isa = PBXFileReference; fileEncoding = 4; lastKnownFileType = sourcecode.c.h; path = BodyPartsViewController.h; sourceTree = "<group>"; };
		B8F834EA1C13ADBB006827C8 /* BodyPartsViewController.m */ = {isa = PBXFileReference; fileEncoding = 4; lastKnownFileType = sourcecode.c.objc; path = BodyPartsViewController.m; sourceTree = "<group>"; };
/* End PBXFileReference section */

/* Begin PBXFrameworksBuildPhase section */
		B8F4593A1C078C4C0032F5CB /* Frameworks */ = {
			isa = PBXFrameworksBuildPhase;
			buildActionMask = 2147483647;
			files = (
				61C4A023EF26E2A32FE3E521 /* libPods.a in Frameworks */,
				B8F834E81C13A1D0006827C8 /* HealthKit.framework in Frameworks */,
			);
			runOnlyForDeploymentPostprocessing = 0;
		};
		B8F459531C078C4C0032F5CB /* Frameworks */ = {
			isa = PBXFrameworksBuildPhase;
			buildActionMask = 2147483647;
			files = (
			);
			runOnlyForDeploymentPostprocessing = 0;
		};
		B8F4595E1C078C4C0032F5CB /* Frameworks */ = {
			isa = PBXFrameworksBuildPhase;
			buildActionMask = 2147483647;
			files = (
			);
			runOnlyForDeploymentPostprocessing = 0;
		};
/* End PBXFrameworksBuildPhase section */

/* Begin PBXGroup section */
		54FBBF59A733C0198ADCD65D /* Pods */ = {
			isa = PBXGroup;
			children = (
				76E64DD9EAB93335F418433F /* Pods.debug.xcconfig */,
				13B31519C561B92E2C6455DE /* Pods.release.xcconfig */,
			);
			name = Pods;
			sourceTree = "<group>";
		};
		59A7609728E3AC1EF5B766A1 /* Frameworks */ = {
			isa = PBXGroup;
			children = (
				B8F834E71C13A1D0006827C8 /* HealthKit.framework */,
				3EB3295EDF866A9B1F38D34D /* libPods.a */,
			);
			name = Frameworks;
			sourceTree = "<group>";
		};
		B8F459341C078C4C0032F5CB = {
			isa = PBXGroup;
			children = (
				B8F4593F1C078C4C0032F5CB /* Emergency 911 */,
				B8F459591C078C4C0032F5CB /* Emergency 911Tests */,
				B8F459641C078C4C0032F5CB /* Emergency 911UITests */,
				B8F4593E1C078C4C0032F5CB /* Products */,
				54FBBF59A733C0198ADCD65D /* Pods */,
				59A7609728E3AC1EF5B766A1 /* Frameworks */,
			);
			sourceTree = "<group>";
		};
		B8F4593E1C078C4C0032F5CB /* Products */ = {
			isa = PBXGroup;
			children = (
				B8F4593D1C078C4C0032F5CB /* Emergency 911.app */,
				B8F459561C078C4C0032F5CB /* Emergency 911Tests.xctest */,
				B8F459611C078C4C0032F5CB /* Emergency 911UITests.xctest */,
			);
			name = Products;
			sourceTree = "<group>";
		};
		B8F4593F1C078C4C0032F5CB /* Emergency 911 */ = {
			isa = PBXGroup;
			children = (
				B8F834E61C13A1D0006827C8 /* Emergency 911.entitlements */,
				B8F459431C078C4C0032F5CB /* AppDelegate.h */,
				B8F459441C078C4C0032F5CB /* AppDelegate.m */,
				B8F834E31C139BC2006827C8 /* SignupViewController.h */,
				B8F834E41C139BC2006827C8 /* SignupViewController.m */,
				B8F459791C07A0240032F5CB /* View Controllers - Questions */,
				B8F459731C0796140032F5CB /* CurrentReport.h */,
				B8F459741C0796140032F5CB /* CurrentReport.m */,
				B8F459491C078C4C0032F5CB /* Main.storyboard */,
				B8F4594C1C078C4C0032F5CB /* Assets.xcassets */,
				B8F4594E1C078C4C0032F5CB /* LaunchScreen.storyboard */,
				B8F459511C078C4C0032F5CB /* Info.plist */,
				B8F459401C078C4C0032F5CB /* Supporting Files */,
			);
			path = "Emergency 911";
			sourceTree = "<group>";
		};
		B8F459401C078C4C0032F5CB /* Supporting Files */ = {
			isa = PBXGroup;
			children = (
				B8F459411C078C4C0032F5CB /* main.m */,
			);
			name = "Supporting Files";
			sourceTree = "<group>";
		};
		B8F459591C078C4C0032F5CB /* Emergency 911Tests */ = {
			isa = PBXGroup;
			children = (
				B8F4595A1C078C4C0032F5CB /* Emergency_911Tests.m */,
				B8F4595C1C078C4C0032F5CB /* Info.plist */,
			);
			path = "Emergency 911Tests";
			sourceTree = "<group>";
		};
		B8F459641C078C4C0032F5CB /* Emergency 911UITests */ = {
			isa = PBXGroup;
			children = (
				B8F459651C078C4C0032F5CB /* Emergency_911UITests.m */,
				B8F459671C078C4C0032F5CB /* Info.plist */,
			);
			path = "Emergency 911UITests";
			sourceTree = "<group>";
		};
		B8F459791C07A0240032F5CB /* View Controllers - Questions */ = {
			isa = PBXGroup;
			children = (
				B8F4597A1C07A0600032F5CB /* BreathingViewController.h */,
				B8F4597B1C07A0600032F5CB /* BreathingViewController.m */,
				B8F4597D1C07A0680032F5CB /* ClassificationViewController.h */,
				B8F4597E1C07A0680032F5CB /* ClassificationViewController.m */,
				B8F459761C07A01E0032F5CB /* ConsciousViewController.h */,
				B8F459771C07A01E0032F5CB /* ConsciousViewController.m */,
				B8F459461C078C4C0032F5CB /* InjuredIndividualViewController.h */,
				B8F459471C078C4C0032F5CB /* InjuredIndividualViewController.m */,
				B8F459801C07A06E0032F5CB /* TraumaViewController.h */,
				B8F459811C07A06E0032F5CB /* TraumaViewController.m */,
				B8F834E91C13ADBB006827C8 /* BodyPartsViewController.h */,
				B8F834EA1C13ADBB006827C8 /* BodyPartsViewController.m */,
			);
			name = "View Controllers - Questions";
			sourceTree = "<group>";
		};
/* End PBXGroup section */

/* Begin PBXNativeTarget section */
		B8F4593C1C078C4C0032F5CB /* Emergency 911 */ = {
			isa = PBXNativeTarget;
			buildConfigurationList = B8F4596A1C078C4C0032F5CB /* Build configuration list for PBXNativeTarget "Emergency 911" */;
			buildPhases = (
				F1E44C019E7C771617C00C2A /* Check Pods Manifest.lock */,
				B8F459391C078C4C0032F5CB /* Sources */,
				B8F4593A1C078C4C0032F5CB /* Frameworks */,
				B8F4593B1C078C4C0032F5CB /* Resources */,
				5DFD6F4EF1F649B43B7CA105 /* Embed Pods Frameworks */,
				FBCFE639DFC7E3961AA694AA /* Copy Pods Resources */,
			);
			buildRules = (
			);
			dependencies = (
			);
			name = "Emergency 911";
			productName = "Emergency 911";
			productReference = B8F4593D1C078C4C0032F5CB /* Emergency 911.app */;
			productType = "com.apple.product-type.application";
		};
		B8F459551C078C4C0032F5CB /* Emergency 911Tests */ = {
			isa = PBXNativeTarget;
			buildConfigurationList = B8F4596D1C078C4C0032F5CB /* Build configuration list for PBXNativeTarget "Emergency 911Tests" */;
			buildPhases = (
				B8F459521C078C4C0032F5CB /* Sources */,
				B8F459531C078C4C0032F5CB /* Frameworks */,
				B8F459541C078C4C0032F5CB /* Resources */,
			);
			buildRules = (
			);
			dependencies = (
				B8F459581C078C4C0032F5CB /* PBXTargetDependency */,
			);
			name = "Emergency 911Tests";
			productName = "Emergency 911Tests";
			productReference = B8F459561C078C4C0032F5CB /* Emergency 911Tests.xctest */;
			productType = "com.apple.product-type.bundle.unit-test";
		};
		B8F459601C078C4C0032F5CB /* Emergency 911UITests */ = {
			isa = PBXNativeTarget;
			buildConfigurationList = B8F459701C078C4C0032F5CB /* Build configuration list for PBXNativeTarget "Emergency 911UITests" */;
			buildPhases = (
				B8F4595D1C078C4C0032F5CB /* Sources */,
				B8F4595E1C078C4C0032F5CB /* Frameworks */,
				B8F4595F1C078C4C0032F5CB /* Resources */,
			);
			buildRules = (
			);
			dependencies = (
				B8F459631C078C4C0032F5CB /* PBXTargetDependency */,
			);
			name = "Emergency 911UITests";
			productName = "Emergency 911UITests";
			productReference = B8F459611C078C4C0032F5CB /* Emergency 911UITests.xctest */;
			productType = "com.apple.product-type.bundle.ui-testing";
		};
/* End PBXNativeTarget section */

/* Begin PBXProject section */
		B8F459351C078C4C0032F5CB /* Project object */ = {
			isa = PBXProject;
			attributes = {
				LastUpgradeCheck = 0710;
				ORGANIZATIONNAME = "Cornell Tech";
				TargetAttributes = {
					B8F4593C1C078C4C0032F5CB = {
						CreatedOnToolsVersion = 7.1.1;
						DevelopmentTeam = SJF6H824KN;
						SystemCapabilities = {
							com.apple.HealthKit = {
								enabled = 1;
							};
						};
					};
					B8F459551C078C4C0032F5CB = {
						CreatedOnToolsVersion = 7.1.1;
						TestTargetID = B8F4593C1C078C4C0032F5CB;
					};
					B8F459601C078C4C0032F5CB = {
						CreatedOnToolsVersion = 7.1.1;
						TestTargetID = B8F4593C1C078C4C0032F5CB;
					};
				};
			};
			buildConfigurationList = B8F459381C078C4C0032F5CB /* Build configuration list for PBXProject "Emergency 911" */;
			compatibilityVersion = "Xcode 3.2";
			developmentRegion = English;
			hasScannedForEncodings = 0;
			knownRegions = (
				en,
				Base,
			);
			mainGroup = B8F459341C078C4C0032F5CB;
			productRefGroup = B8F4593E1C078C4C0032F5CB /* Products */;
			projectDirPath = "";
			projectRoot = "";
			targets = (
				B8F4593C1C078C4C0032F5CB /* Emergency 911 */,
				B8F459551C078C4C0032F5CB /* Emergency 911Tests */,
				B8F459601C078C4C0032F5CB /* Emergency 911UITests */,
			);
		};
/* End PBXProject section */

/* Begin PBXResourcesBuildPhase section */
		B8F4593B1C078C4C0032F5CB /* Resources */ = {
			isa = PBXResourcesBuildPhase;
			buildActionMask = 2147483647;
			files = (
				B8F459501C078C4C0032F5CB /* LaunchScreen.storyboard in Resources */,
				B8F4594D1C078C4C0032F5CB /* Assets.xcassets in Resources */,
				B8F4594B1C078C4C0032F5CB /* Main.storyboard in Resources */,
			);
			runOnlyForDeploymentPostprocessing = 0;
		};
		B8F459541C078C4C0032F5CB /* Resources */ = {
			isa = PBXResourcesBuildPhase;
			buildActionMask = 2147483647;
			files = (
			);
			runOnlyForDeploymentPostprocessing = 0;
		};
		B8F4595F1C078C4C0032F5CB /* Resources */ = {
			isa = PBXResourcesBuildPhase;
			buildActionMask = 2147483647;
			files = (
			);
			runOnlyForDeploymentPostprocessing = 0;
		};
/* End PBXResourcesBuildPhase section */

/* Begin PBXShellScriptBuildPhase section */
		5DFD6F4EF1F649B43B7CA105 /* Embed Pods Frameworks */ = {
			isa = PBXShellScriptBuildPhase;
			buildActionMask = 2147483647;
			files = (
			);
			inputPaths = (
			);
			name = "Embed Pods Frameworks";
			outputPaths = (
			);
			runOnlyForDeploymentPostprocessing = 0;
			shellPath = /bin/sh;
			shellScript = "\"${SRCROOT}/Pods/Target Support Files/Pods/Pods-frameworks.sh\"\n";
			showEnvVarsInLog = 0;
		};
		F1E44C019E7C771617C00C2A /* Check Pods Manifest.lock */ = {
			isa = PBXShellScriptBuildPhase;
			buildActionMask = 2147483647;
			files = (
			);
			inputPaths = (
			);
			name = "Check Pods Manifest.lock";
			outputPaths = (
			);
			runOnlyForDeploymentPostprocessing = 0;
			shellPath = /bin/sh;
			shellScript = "diff \"${PODS_ROOT}/../Podfile.lock\" \"${PODS_ROOT}/Manifest.lock\" > /dev/null\nif [[ $? != 0 ]] ; then\n    cat << EOM\nerror: The sandbox is not in sync with the Podfile.lock. Run 'pod install' or update your CocoaPods installation.\nEOM\n    exit 1\nfi\n";
			showEnvVarsInLog = 0;
		};
		FBCFE639DFC7E3961AA694AA /* Copy Pods Resources */ = {
			isa = PBXShellScriptBuildPhase;
			buildActionMask = 2147483647;
			files = (
			);
			inputPaths = (
			);
			name = "Copy Pods Resources";
			outputPaths = (
			);
			runOnlyForDeploymentPostprocessing = 0;
			shellPath = /bin/sh;
			shellScript = "\"${SRCROOT}/Pods/Target Support Files/Pods/Pods-resources.sh\"\n";
			showEnvVarsInLog = 0;
		};
/* End PBXShellScriptBuildPhase section */

/* Begin PBXSourcesBuildPhase section */
		B8F459391C078C4C0032F5CB /* Sources */ = {
			isa = PBXSourcesBuildPhase;
			buildActionMask = 2147483647;
			files = (
				B8F4597F1C07A0680032F5CB /* ClassificationViewController.m in Sources */,
				B8F459481C078C4C0032F5CB /* InjuredIndividualViewController.m in Sources */,
				B8F459821C07A06E0032F5CB /* TraumaViewController.m in Sources */,
				B8F834E51C139BC2006827C8 /* SignupViewController.m in Sources */,
				B8F459751C0796140032F5CB /* CurrentReport.m in Sources */,
				B8F459781C07A01E0032F5CB /* ConsciousViewController.m in Sources */,
				B8F4597C1C07A0600032F5CB /* BreathingViewController.m in Sources */,
				B8F834EB1C13ADBB006827C8 /* BodyPartsViewController.m in Sources */,
				B8F459451C078C4C0032F5CB /* AppDelegate.m in Sources */,
				B8F459421C078C4C0032F5CB /* main.m in Sources */,
			);
			runOnlyForDeploymentPostprocessing = 0;
		};
		B8F459521C078C4C0032F5CB /* Sources */ = {
			isa = PBXSourcesBuildPhase;
			buildActionMask = 2147483647;
			files = (
				B8F4595B1C078C4C0032F5CB /* Emergency_911Tests.m in Sources */,
			);
			runOnlyForDeploymentPostprocessing = 0;
		};
		B8F4595D1C078C4C0032F5CB /* Sources */ = {
			isa = PBXSourcesBuildPhase;
			buildActionMask = 2147483647;
			files = (
				B8F459661C078C4C0032F5CB /* Emergency_911UITests.m in Sources */,
			);
			runOnlyForDeploymentPostprocessing = 0;
		};
/* End PBXSourcesBuildPhase section */

/* Begin PBXTargetDependency section */
		B8F459581C078C4C0032F5CB /* PBXTargetDependency */ = {
			isa = PBXTargetDependency;
			target = B8F4593C1C078C4C0032F5CB /* Emergency 911 */;
			targetProxy = B8F459571C078C4C0032F5CB /* PBXContainerItemProxy */;
		};
		B8F459631C078C4C0032F5CB /* PBXTargetDependency */ = {
			isa = PBXTargetDependency;
			target = B8F4593C1C078C4C0032F5CB /* Emergency 911 */;
			targetProxy = B8F459621C078C4C0032F5CB /* PBXContainerItemProxy */;
		};
/* End PBXTargetDependency section */

/* Begin PBXVariantGroup section */
		B8F459491C078C4C0032F5CB /* Main.storyboard */ = {
			isa = PBXVariantGroup;
			children = (
				B8F4594A1C078C4C0032F5CB /* Base */,
			);
			name = Main.storyboard;
			sourceTree = "<group>";
		};
		B8F4594E1C078C4C0032F5CB /* LaunchScreen.storyboard */ = {
			isa = PBXVariantGroup;
			children = (
				B8F4594F1C078C4C0032F5CB /* Base */,
			);
			name = LaunchScreen.storyboard;
			sourceTree = "<group>";
		};
/* End PBXVariantGroup section */

/* Begin XCBuildConfiguration section */
		B8F459681C078C4C0032F5CB /* Debug */ = {
			isa = XCBuildConfiguration;
			buildSettings = {
				ALWAYS_SEARCH_USER_PATHS = NO;
				CLANG_CXX_LANGUAGE_STANDARD = "gnu++0x";
				CLANG_CXX_LIBRARY = "libc++";
				CLANG_ENABLE_MODULES = YES;
				CLANG_ENABLE_OBJC_ARC = YES;
				CLANG_WARN_BOOL_CONVERSION = YES;
				CLANG_WARN_CONSTANT_CONVERSION = YES;
				CLANG_WARN_DIRECT_OBJC_ISA_USAGE = YES_ERROR;
				CLANG_WARN_EMPTY_BODY = YES;
				CLANG_WARN_ENUM_CONVERSION = YES;
				CLANG_WARN_INT_CONVERSION = YES;
				CLANG_WARN_OBJC_ROOT_CLASS = YES_ERROR;
				CLANG_WARN_UNREACHABLE_CODE = YES;
				CLANG_WARN__DUPLICATE_METHOD_MATCH = YES;
				"CODE_SIGN_IDENTITY[sdk=iphoneos*]" = "iPhone Developer";
				COPY_PHASE_STRIP = NO;
				DEBUG_INFORMATION_FORMAT = dwarf;
				ENABLE_STRICT_OBJC_MSGSEND = YES;
				ENABLE_TESTABILITY = YES;
				GCC_C_LANGUAGE_STANDARD = gnu99;
				GCC_DYNAMIC_NO_PIC = NO;
				GCC_NO_COMMON_BLOCKS = YES;
				GCC_OPTIMIZATION_LEVEL = 0;
				GCC_PREPROCESSOR_DEFINITIONS = (
					"DEBUG=1",
					"$(inherited)",
				);
				GCC_WARN_64_TO_32_BIT_CONVERSION = YES;
				GCC_WARN_ABOUT_RETURN_TYPE = YES_ERROR;
				GCC_WARN_UNDECLARED_SELECTOR = YES;
				GCC_WARN_UNINITIALIZED_AUTOS = YES_AGGRESSIVE;
				GCC_WARN_UNUSED_FUNCTION = YES;
				GCC_WARN_UNUSED_VARIABLE = YES;
				IPHONEOS_DEPLOYMENT_TARGET = 9.1;
				MTL_ENABLE_DEBUG_INFO = YES;
				ONLY_ACTIVE_ARCH = YES;
				SDKROOT = iphoneos;
			};
			name = Debug;
		};
		B8F459691C078C4C0032F5CB /* Release */ = {
			isa = XCBuildConfiguration;
			buildSettings = {
				ALWAYS_SEARCH_USER_PATHS = NO;
				CLANG_CXX_LANGUAGE_STANDARD = "gnu++0x";
				CLANG_CXX_LIBRARY = "libc++";
				CLANG_ENABLE_MODULES = YES;
				CLANG_ENABLE_OBJC_ARC = YES;
				CLANG_WARN_BOOL_CONVERSION = YES;
				CLANG_WARN_CONSTANT_CONVERSION = YES;
				CLANG_WARN_DIRECT_OBJC_ISA_USAGE = YES_ERROR;
				CLANG_WARN_EMPTY_BODY = YES;
				CLANG_WARN_ENUM_CONVERSION = YES;
				CLANG_WARN_INT_CONVERSION = YES;
				CLANG_WARN_OBJC_ROOT_CLASS = YES_ERROR;
				CLANG_WARN_UNREACHABLE_CODE = YES;
				CLANG_WARN__DUPLICATE_METHOD_MATCH = YES;
				"CODE_SIGN_IDENTITY[sdk=iphoneos*]" = "iPhone Developer";
				COPY_PHASE_STRIP = NO;
				DEBUG_INFORMATION_FORMAT = "dwarf-with-dsym";
				ENABLE_NS_ASSERTIONS = NO;
				ENABLE_STRICT_OBJC_MSGSEND = YES;
				GCC_C_LANGUAGE_STANDARD = gnu99;
				GCC_NO_COMMON_BLOCKS = YES;
				GCC_WARN_64_TO_32_BIT_CONVERSION = YES;
				GCC_WARN_ABOUT_RETURN_TYPE = YES_ERROR;
				GCC_WARN_UNDECLARED_SELECTOR = YES;
				GCC_WARN_UNINITIALIZED_AUTOS = YES_AGGRESSIVE;
				GCC_WARN_UNUSED_FUNCTION = YES;
				GCC_WARN_UNUSED_VARIABLE = YES;
				IPHONEOS_DEPLOYMENT_TARGET = 9.1;
				MTL_ENABLE_DEBUG_INFO = NO;
				SDKROOT = iphoneos;
				VALIDATE_PRODUCT = YES;
			};
			name = Release;
		};
		B8F4596B1C078C4C0032F5CB /* Debug */ = {
			isa = XCBuildConfiguration;
			baseConfigurationReference = 76E64DD9EAB93335F418433F /* Pods.debug.xcconfig */;
			buildSettings = {
				ASSETCATALOG_COMPILER_APPICON_NAME = AppIcon;
				CODE_SIGN_ENTITLEMENTS = "Emergency 911/Emergency 911.entitlements";
				CODE_SIGN_IDENTITY = "iPhone Developer";
				"CODE_SIGN_IDENTITY[sdk=iphoneos*]" = "iPhone Developer";
				INFOPLIST_FILE = "Emergency 911/Info.plist";
				IPHONEOS_DEPLOYMENT_TARGET = 9.0;
				LD_RUNPATH_SEARCH_PATHS = "$(inherited) @executable_path/Frameworks";
				PRODUCT_BUNDLE_IDENTIFIER = "ML.Emergency-911";
				PRODUCT_NAME = "$(TARGET_NAME)";
				PROVISIONING_PROFILE = "";
			};
			name = Debug;
		};
		B8F4596C1C078C4C0032F5CB /* Release */ = {
			isa = XCBuildConfiguration;
			baseConfigurationReference = 13B31519C561B92E2C6455DE /* Pods.release.xcconfig */;
			buildSettings = {
				ASSETCATALOG_COMPILER_APPICON_NAME = AppIcon;
				CODE_SIGN_ENTITLEMENTS = "Emergency 911/Emergency 911.entitlements";
				CODE_SIGN_IDENTITY = "iPhone Developer";
				"CODE_SIGN_IDENTITY[sdk=iphoneos*]" = "iPhone Developer";
				INFOPLIST_FILE = "Emergency 911/Info.plist";
				IPHONEOS_DEPLOYMENT_TARGET = 9.0;
				LD_RUNPATH_SEARCH_PATHS = "$(inherited) @executable_path/Frameworks";
				PRODUCT_BUNDLE_IDENTIFIER = "ML.Emergency-911";
				PRODUCT_NAME = "$(TARGET_NAME)";
				PROVISIONING_PROFILE = "";
			};
			name = Release;
		};
		B8F4596E1C078C4C0032F5CB /* Debug */ = {
			isa = XCBuildConfiguration;
			buildSettings = {
				BUNDLE_LOADER = "$(TEST_HOST)";
				INFOPLIST_FILE = "Emergency 911Tests/Info.plist";
				LD_RUNPATH_SEARCH_PATHS = "$(inherited) @executable_path/Frameworks @loader_path/Frameworks";
				PRODUCT_BUNDLE_IDENTIFIER = "ML.Emergency-911Tests";
				PRODUCT_NAME = "$(TARGET_NAME)";
				TEST_HOST = "$(BUILT_PRODUCTS_DIR)/Emergency 911.app/Emergency 911";
			};
			name = Debug;
		};
		B8F4596F1C078C4C0032F5CB /* Release */ = {
			isa = XCBuildConfiguration;
			buildSettings = {
				BUNDLE_LOADER = "$(TEST_HOST)";
				INFOPLIST_FILE = "Emergency 911Tests/Info.plist";
				LD_RUNPATH_SEARCH_PATHS = "$(inherited) @executable_path/Frameworks @loader_path/Frameworks";
				PRODUCT_BUNDLE_IDENTIFIER = "ML.Emergency-911Tests";
				PRODUCT_NAME = "$(TARGET_NAME)";
				TEST_HOST = "$(BUILT_PRODUCTS_DIR)/Emergency 911.app/Emergency 911";
			};
			name = Release;
		};
		B8F459711C078C4C0032F5CB /* Debug */ = {
			isa = XCBuildConfiguration;
			buildSettings = {
				INFOPLIST_FILE = "Emergency 911UITests/Info.plist";
				LD_RUNPATH_SEARCH_PATHS = "$(inherited) @executable_path/Frameworks @loader_path/Frameworks";
				PRODUCT_BUNDLE_IDENTIFIER = "ML.Emergency-911UITests";
				PRODUCT_NAME = "$(TARGET_NAME)";
				TEST_TARGET_NAME = "Emergency 911";
				USES_XCTRUNNER = YES;
			};
			name = Debug;
		};
		B8F459721C078C4C0032F5CB /* Release */ = {
			isa = XCBuildConfiguration;
			buildSettings = {
				INFOPLIST_FILE = "Emergency 911UITests/Info.plist";
				LD_RUNPATH_SEARCH_PATHS = "$(inherited) @executable_path/Frameworks @loader_path/Frameworks";
				PRODUCT_BUNDLE_IDENTIFIER = "ML.Emergency-911UITests";
				PRODUCT_NAME = "$(TARGET_NAME)";
				TEST_TARGET_NAME = "Emergency 911";
				USES_XCTRUNNER = YES;
			};
			name = Release;
		};
/* End XCBuildConfiguration section */

/* Begin XCConfigurationList section */
		B8F459381C078C4C0032F5CB /* Build configuration list for PBXProject "Emergency 911" */ = {
			isa = XCConfigurationList;
			buildConfigurations = (
				B8F459681C078C4C0032F5CB /* Debug */,
				B8F459691C078C4C0032F5CB /* Release */,
			);
			defaultConfigurationIsVisible = 0;
			defaultConfigurationName = Release;
		};
		B8F4596A1C078C4C0032F5CB /* Build configuration list for PBXNativeTarget "Emergency 911" */ = {
			isa = XCConfigurationList;
			buildConfigurations = (
				B8F4596B1C078C4C0032F5CB /* Debug */,
				B8F4596C1C078C4C0032F5CB /* Release */,
			);
			defaultConfigurationIsVisible = 0;
			defaultConfigurationName = Release;
		};
		B8F4596D1C078C4C0032F5CB /* Build configuration list for PBXNativeTarget "Emergency 911Tests" */ = {
			isa = XCConfigurationList;
			buildConfigurations = (
				B8F4596E1C078C4C0032F5CB /* Debug */,
				B8F4596F1C078C4C0032F5CB /* Release */,
			);
			defaultConfigurationIsVisible = 0;
			defaultConfigurationName = Release;
		};
		B8F459701C078C4C0032F5CB /* Build configuration list for PBXNativeTarget "Emergency 911UITests" */ = {
			isa = XCConfigurationList;
			buildConfigurations = (
				B8F459711C078C4C0032F5CB /* Debug */,
				B8F459721C078C4C0032F5CB /* Release */,
			);
			defaultConfigurationIsVisible = 0;
			defaultConfigurationName = Release;
		};
/* End XCConfigurationList section */
	};
	rootObject = B8F459351C078C4C0032F5CB /* Project object */;
}
